{
  "name": "CF-Worker-test",
  "lockfileVersion": 3,
  "requires": true,
  "packages": {
    "": {
      "dependencies": {
        "promjs": "^0.4.2"
      }
    },
    "node_modules/promjs": {
      "version": "0.4.2",
      "resolved": "https://registry.npmjs.org/promjs/-/promjs-0.4.2.tgz",
      "integrity": "sha512-qvHcTU9xwEieFOf2Qnf5JYPKkdJU2lRbJfJvJspw6XpnoH7VPmNfnJJnOLPfN8ODJMBLRt8wEPVjxyyn0Or6RQ=="
    }
  }
}
